// !$*UTF8*$!
{
	archiveVersion = 1;
	classes = {
	};
	objectVersion = 56;
	objects = {

/* Begin PBXBuildFile section */
		58DA0B522941DA2C000F3D06 /* AppDelegate.swift in Sources */ = {isa = PBXBuildFile; fileRef = 58DA0B512941DA2C000F3D06 /* AppDelegate.swift */; };
		58DA0B562941DA2C000F3D06 /* ViewController.swift in Sources */ = {isa = PBXBuildFile; fileRef = 58DA0B552941DA2C000F3D06 /* ViewController.swift */; };
		58DA0B592941DA2C000F3D06 /* Main.storyboard in Resources */ = {isa = PBXBuildFile; fileRef = 58DA0B572941DA2C000F3D06 /* Main.storyboard */; };
		58DA0B5B2941DA2D000F3D06 /* Assets.xcassets in Resources */ = {isa = PBXBuildFile; fileRef = 58DA0B5A2941DA2D000F3D06 /* Assets.xcassets */; };
		58DA0B5E2941DA2D000F3D06 /* LaunchScreen.storyboard in Resources */ = {isa = PBXBuildFile; fileRef = 58DA0B5C2941DA2D000F3D06 /* LaunchScreen.storyboard */; };
		58DA0B692941DA2D000F3D06 /* ExampleTests.swift in Sources */ = {isa = PBXBuildFile; fileRef = 58DA0B682941DA2D000F3D06 /* ExampleTests.swift */; };
		58DA0B732941DA2D000F3D06 /* ExampleUITests.swift in Sources */ = {isa = PBXBuildFile; fileRef = 58DA0B722941DA2D000F3D06 /* ExampleUITests.swift */; };
		58DA0B752941DA2D000F3D06 /* ExampleUITestsLaunchTests.swift in Sources */ = {isa = PBXBuildFile; fileRef = 58DA0B742941DA2D000F3D06 /* ExampleUITestsLaunchTests.swift */; };
		58DA0B832941DA5B000F3D06 /* ColorChangingLabel in Frameworks */ = {isa = PBXBuildFile; productRef = 58DA0B822941DA5B000F3D06 /* ColorChangingLabel */; };
/* End PBXBuildFile section */

/* Begin PBXContainerItemProxy section */
		58DA0B652941DA2D000F3D06 /* PBXContainerItemProxy */ = {
			isa = PBXContainerItemProxy;
			containerPortal = 58DA0B462941DA2C000F3D06 /* Project object */;
			proxyType = 1;
			remoteGlobalIDString = 58DA0B4D2941DA2C000F3D06;
			remoteInfo = Example;
		};
		58DA0B6F2941DA2D000F3D06 /* PBXContainerItemProxy */ = {
			isa = PBXContainerItemProxy;
			containerPortal = 58DA0B462941DA2C000F3D06 /* Project object */;
			proxyType = 1;
			remoteGlobalIDString = 58DA0B4D2941DA2C000F3D06;
			remoteInfo = Example;
		};
/* End PBXContainerItemProxy section */

/* Begin PBXFileReference section */
		58DA0B4E2941DA2C000F3D06 /* Example.app */ = {isa = PBXFileReference; explicitFileType = wrapper.application; includeInIndex = 0; path = Example.app; sourceTree = BUILT_PRODUCTS_DIR; };
		58DA0B512941DA2C000F3D06 /* AppDelegate.swift */ = {isa = PBXFileReference; lastKnownFileType = sourcecode.swift; path = AppDelegate.swift; sourceTree = "<group>"; };
		58DA0B552941DA2C000F3D06 /* ViewController.swift */ = {isa = PBXFileReference; lastKnownFileType = sourcecode.swift; path = ViewController.swift; sourceTree = "<group>"; };
		58DA0B582941DA2C000F3D06 /* Base */ = {isa = PBXFileReference; lastKnownFileType = file.storyboard; name = Base; path = Base.lproj/Main.storyboard; sourceTree = "<group>"; };
		58DA0B5A2941DA2D000F3D06 /* Assets.xcassets */ = {isa = PBXFileReference; lastKnownFileType = folder.assetcatalog; path = Assets.xcassets; sourceTree = "<group>"; };
		58DA0B5D2941DA2D000F3D06 /* Base */ = {isa = PBXFileReference; lastKnownFileType = file.storyboard; name = Base; path = Base.lproj/LaunchScreen.storyboard; sourceTree = "<group>"; };
		58DA0B5F2941DA2D000F3D06 /* Info.plist */ = {isa = PBXFileReference; lastKnownFileType = text.plist.xml; path = Info.plist; sourceTree = "<group>"; };
		58DA0B642941DA2D000F3D06 /* ExampleTests.xctest */ = {isa = PBXFileReference; explicitFileType = wrapper.cfbundle; includeInIndex = 0; path = ExampleTests.xctest; sourceTree = BUILT_PRODUCTS_DIR; };
		58DA0B682941DA2D000F3D06 /* ExampleTests.swift */ = {isa = PBXFileReference; lastKnownFileType = sourcecode.swift; path = ExampleTests.swift; sourceTree = "<group>"; };
		58DA0B6E2941DA2D000F3D06 /* ExampleUITests.xctest */ = {isa = PBXFileReference; explicitFileType = wrapper.cfbundle; includeInIndex = 0; path = ExampleUITests.xctest; sourceTree = BUILT_PRODUCTS_DIR; };
		58DA0B722941DA2D000F3D06 /* ExampleUITests.swift */ = {isa = PBXFileReference; lastKnownFileType = sourcecode.swift; path = ExampleUITests.swift; sourceTree = "<group>"; };
		58DA0B742941DA2D000F3D06 /* ExampleUITestsLaunchTests.swift */ = {isa = PBXFileReference; lastKnownFileType = sourcecode.swift; path = ExampleUITestsLaunchTests.swift; sourceTree = "<group>"; };
/* End PBXFileReference section */

/* Begin PBXFrameworksBuildPhase section */
		58DA0B4B2941DA2C000F3D06 /* Frameworks */ = {
			isa = PBXFrameworksBuildPhase;
			buildActionMask = 2147483647;
			files = (
				58DA0B832941DA5B000F3D06 /* ColorChangingLabel in Frameworks */,
			);
			runOnlyForDeploymentPostprocessing = 0;
		};
		58DA0B612941DA2D000F3D06 /* Frameworks */ = {
			isa = PBXFrameworksBuildPhase;
			buildActionMask = 2147483647;
			files = (
			);
			runOnlyForDeploymentPostprocessing = 0;
		};
		58DA0B6B2941DA2D000F3D06 /* Frameworks */ = {
			isa = PBXFrameworksBuildPhase;
			buildActionMask = 2147483647;
			files = (
			);
			runOnlyForDeploymentPostprocessing = 0;
		};
/* End PBXFrameworksBuildPhase section */

/* Begin PBXGroup section */
		58DA0B452941DA2C000F3D06 = {
			isa = PBXGroup;
			children = (
				58DA0B502941DA2C000F3D06 /* Example */,
				58DA0B672941DA2D000F3D06 /* ExampleTests */,
				58DA0B712941DA2D000F3D06 /* ExampleUITests */,
				58DA0B4F2941DA2C000F3D06 /* Products */,
			);
			sourceTree = "<group>";
		};
		58DA0B4F2941DA2C000F3D06 /* Products */ = {
			isa = PBXGroup;
			children = (
				58DA0B4E2941DA2C000F3D06 /* Example.app */,
				58DA0B642941DA2D000F3D06 /* ExampleTests.xctest */,
				58DA0B6E2941DA2D000F3D06 /* ExampleUITests.xctest */,
			);
			name = Products;
			sourceTree = "<group>";
		};
		58DA0B502941DA2C000F3D06 /* Example */ = {
			isa = PBXGroup;
			children = (
				58DA0B512941DA2C000F3D06 /* AppDelegate.swift */,
				58DA0B552941DA2C000F3D06 /* ViewController.swift */,
				58DA0B572941DA2C000F3D06 /* Main.storyboard */,
				58DA0B5A2941DA2D000F3D06 /* Assets.xcassets */,
				58DA0B5C2941DA2D000F3D06 /* LaunchScreen.storyboard */,
				58DA0B5F2941DA2D000F3D06 /* Info.plist */,
			);
			path = Example;
			sourceTree = "<group>";
		};
		58DA0B672941DA2D000F3D06 /* ExampleTests */ = {
			isa = PBXGroup;
			children = (
				58DA0B682941DA2D000F3D06 /* ExampleTests.swift */,
			);
			path = ExampleTests;
			sourceTree = "<group>";
		};
		58DA0B712941DA2D000F3D06 /* ExampleUITests */ = {
			isa = PBXGroup;
			children = (
				58DA0B722941DA2D000F3D06 /* ExampleUITests.swift */,
				58DA0B742941DA2D000F3D06 /* ExampleUITestsLaunchTests.swift */,
			);
			path = ExampleUITests;
			sourceTree = "<group>";
		};
/* End PBXGroup section */

/* Begin PBXNativeTarget section */
		58DA0B4D2941DA2C000F3D06 /* Example */ = {
			isa = PBXNativeTarget;
			buildConfigurationList = 58DA0B782941DA2D000F3D06 /* Build configuration list for PBXNativeTarget "Example" */;
			buildPhases = (
				58DA0B4A2941DA2C000F3D06 /* Sources */,
				58DA0B4B2941DA2C000F3D06 /* Frameworks */,
				58DA0B4C2941DA2C000F3D06 /* Resources */,
			);
			buildRules = (
			);
			dependencies = (
			);
			name = Example;
			packageProductDependencies = (
				58DA0B822941DA5B000F3D06 /* ColorChangingLabel */,
			);
			productName = Example;
			productReference = 58DA0B4E2941DA2C000F3D06 /* Example.app */;
			productType = "com.apple.product-type.application";
		};
		58DA0B632941DA2D000F3D06 /* ExampleTests */ = {
			isa = PBXNativeTarget;
			buildConfigurationList = 58DA0B7B2941DA2D000F3D06 /* Build configuration list for PBXNativeTarget "ExampleTests" */;
			buildPhases = (
				58DA0B602941DA2D000F3D06 /* Sources */,
				58DA0B612941DA2D000F3D06 /* Frameworks */,
				58DA0B622941DA2D000F3D06 /* Resources */,
			);
			buildRules = (
			);
			dependencies = (
				58DA0B662941DA2D000F3D06 /* PBXTargetDependency */,
			);
			name = ExampleTests;
			productName = ExampleTests;
			productReference = 58DA0B642941DA2D000F3D06 /* ExampleTests.xctest */;
			productType = "com.apple.product-type.bundle.unit-test";
		};
		58DA0B6D2941DA2D000F3D06 /* ExampleUITests */ = {
			isa = PBXNativeTarget;
			buildConfigurationList = 58DA0B7E2941DA2D000F3D06 /* Build configuration list for PBXNativeTarget "ExampleUITests" */;
			buildPhases = (
				58DA0B6A2941DA2D000F3D06 /* Sources */,
				58DA0B6B2941DA2D000F3D06 /* Frameworks */,
				58DA0B6C2941DA2D000F3D06 /* Resources */,
			);
			buildRules = (
			);
			dependencies = (
				58DA0B702941DA2D000F3D06 /* PBXTargetDependency */,
			);
			name = ExampleUITests;
			productName = ExampleUITests;
			productReference = 58DA0B6E2941DA2D000F3D06 /* ExampleUITests.xctest */;
			productType = "com.apple.product-type.bundle.ui-testing";
		};
/* End PBXNativeTarget section */

/* Begin PBXProject section */
		58DA0B462941DA2C000F3D06 /* Project object */ = {
			isa = PBXProject;
			attributes = {
				BuildIndependentTargetsInParallel = 1;
				LastSwiftUpdateCheck = 1410;
				LastUpgradeCheck = 1410;
				TargetAttributes = {
					58DA0B4D2941DA2C000F3D06 = {
						CreatedOnToolsVersion = 14.1;
					};
					58DA0B632941DA2D000F3D06 = {
						CreatedOnToolsVersion = 14.1;
						TestTargetID = 58DA0B4D2941DA2C000F3D06;
					};
					58DA0B6D2941DA2D000F3D06 = {
						CreatedOnToolsVersion = 14.1;
						TestTargetID = 58DA0B4D2941DA2C000F3D06;
					};
				};
			};
			buildConfigurationList = 58DA0B492941DA2C000F3D06 /* Build configuration list for PBXProject "Example" */;
			compatibilityVersion = "Xcode 14.0";
			developmentRegion = en;
			hasScannedForEncodings = 0;
			knownRegions = (
				en,
				Base,
			);
			mainGroup = 58DA0B452941DA2C000F3D06;
			packageReferences = (
				58DA0B812941DA5B000F3D06 /* XCRemoteSwiftPackageReference "ColorChangingLabel" */,
			);
			productRefGroup = 58DA0B4F2941DA2C000F3D06 /* Products */;
			projectDirPath = "";
			projectRoot = "";
			targets = (
				58DA0B4D2941DA2C000F3D06 /* Example */,
				58DA0B632941DA2D000F3D06 /* ExampleTests */,
				58DA0B6D2941DA2D000F3D06 /* ExampleUITests */,
			);
		};
/* End PBXProject section */

/* Begin PBXResourcesBuildPhase section */
		58DA0B4C2941DA2C000F3D06 /* Resources */ = {
			isa = PBXResourcesBuildPhase;
			buildActionMask = 2147483647;
			files = (
				58DA0B5E2941DA2D000F3D06 /* LaunchScreen.storyboard in Resources */,
				58DA0B5B2941DA2D000F3D06 /* Assets.xcassets in Resources */,
				58DA0B592941DA2C000F3D06 /* Main.storyboard in Resources */,
			);
			runOnlyForDeploymentPostprocessing = 0;
		};
		58DA0B622941DA2D000F3D06 /* Resources */ = {
			isa = PBXResourcesBuildPhase;
			buildActionMask = 2147483647;
			files = (
			);
			runOnlyForDeploymentPostprocessing = 0;
		};
		58DA0B6C2941DA2D000F3D06 /* Resources */ = {
			isa = PBXResourcesBuildPhase;
			buildActionMask = 2147483647;
			files = (
			);
			runOnlyForDeploymentPostprocessing = 0;
		};
/* End PBXResourcesBuildPhase section */

/* Begin PBXSourcesBuildPhase section */
		58DA0B4A2941DA2C000F3D06 /* Sources */ = {
			isa = PBXSourcesBuildPhase;
			buildActionMask = 2147483647;
			files = (
				58DA0B562941DA2C000F3D06 /* ViewController.swift in Sources */,
				58DA0B522941DA2C000F3D06 /* AppDelegate.swift in Sources */,
			);
			runOnlyForDeploymentPostprocessing = 0;
		};
		58DA0B602941DA2D000F3D06 /* Sources */ = {
			isa = PBXSourcesBuildPhase;
			buildActionMask = 2147483647;
			files = (
				58DA0B692941DA2D000F3D06 /* ExampleTests.swift in Sources */,
			);
			runOnlyForDeploymentPostprocessing = 0;
		};
		58DA0B6A2941DA2D000F3D06 /* Sources */ = {
			isa = PBXSourcesBuildPhase;
			buildActionMask = 2147483647;
			files = (
				58DA0B732941DA2D000F3D06 /* ExampleUITests.swift in Sources */,
				58DA0B752941DA2D000F3D06 /* ExampleUITestsLaunchTests.swift in Sources */,
			);
			runOnlyForDeploymentPostprocessing = 0;
		};
/* End PBXSourcesBuildPhase section */

/* Begin PBXTargetDependency section */
		58DA0B662941DA2D000F3D06 /* PBXTargetDependency */ = {
			isa = PBXTargetDependency;
			target = 58DA0B4D2941DA2C000F3D06 /* Example */;
			targetProxy = 58DA0B652941DA2D000F3D06 /* PBXContainerItemProxy */;
		};
		58DA0B702941DA2D000F3D06 /* PBXTargetDependency */ = {
			isa = PBXTargetDependency;
			target = 58DA0B4D2941DA2C000F3D06 /* Example */;
			targetProxy = 58DA0B6F2941DA2D000F3D06 /* PBXContainerItemProxy */;
		};
/* End PBXTargetDependency section */

/* Begin PBXVariantGroup section */
		58DA0B572941DA2C000F3D06 /* Main.storyboard */ = {
			isa = PBXVariantGroup;
			children = (
				58DA0B582941DA2C000F3D06 /* Base */,
			);
			name = Main.storyboard;
			sourceTree = "<group>";
		};
		58DA0B5C2941DA2D000F3D06 /* LaunchScreen.storyboard */ = {
			isa = PBXVariantGroup;
			children = (
				58DA0B5D2941DA2D000F3D06 /* Base */,
			);
			name = LaunchScreen.storyboard;
			sourceTree = "<group>";
		};
/* End PBXVariantGroup section */

/* Begin XCBuildConfiguration section */
		58DA0B762941DA2D000F3D06 /* Debug */ = {
			isa = XCBuildConfiguration;
			buildSettings = {
				ALWAYS_SEARCH_USER_PATHS = NO;
				CLANG_ANALYZER_NONNULL = YES;
				CLANG_ANALYZER_NUMBER_OBJECT_CONVERSION = YES_AGGRESSIVE;
				CLANG_CXX_LANGUAGE_STANDARD = "gnu++20";
				CLANG_ENABLE_MODULES = YES;
				CLANG_ENABLE_OBJC_ARC = YES;
				CLANG_ENABLE_OBJC_WEAK = YES;
				CLANG_WARN_BLOCK_CAPTURE_AUTORELEASING = YES;
				CLANG_WARN_BOOL_CONVERSION = YES;
				CLANG_WARN_COMMA = YES;
				CLANG_WARN_CONSTANT_CONVERSION = YES;
				CLANG_WARN_DEPRECATED_OBJC_IMPLEMENTATIONS = YES;
				CLANG_WARN_DIRECT_OBJC_ISA_USAGE = YES_ERROR;
				CLANG_WARN_DOCUMENTATION_COMMENTS = YES;
				CLANG_WARN_EMPTY_BODY = YES;
				CLANG_WARN_ENUM_CONVERSION = YES;
				CLANG_WARN_INFINITE_RECURSION = YES;
				CLANG_WARN_INT_CONVERSION = YES;
				CLANG_WARN_NON_LITERAL_NULL_CONVERSION = YES;
				CLANG_WARN_OBJC_IMPLICIT_RETAIN_SELF = YES;
				CLANG_WARN_OBJC_LITERAL_CONVERSION = YES;
				CLANG_WARN_OBJC_ROOT_CLASS = YES_ERROR;
				CLANG_WARN_QUOTED_INCLUDE_IN_FRAMEWORK_HEADER = YES;
				CLANG_WARN_RANGE_LOOP_ANALYSIS = YES;
				CLANG_WARN_STRICT_PROTOTYPES = YES;
				CLANG_WARN_SUSPICIOUS_MOVE = YES;
				CLANG_WARN_UNGUARDED_AVAILABILITY = YES_AGGRESSIVE;
				CLANG_WARN_UNREACHABLE_CODE = YES;
				CLANG_WARN__DUPLICATE_METHOD_MATCH = YES;
				COPY_PHASE_STRIP = NO;
				DEBUG_INFORMATION_FORMAT = dwarf;
				ENABLE_STRICT_OBJC_MSGSEND = YES;
				ENABLE_TESTABILITY = YES;
				GCC_C_LANGUAGE_STANDARD = gnu11;
				GCC_DYNAMIC_NO_PIC = NO;
				GCC_NO_COMMON_BLOCKS = YES;
				GCC_OPTIMIZATION_LEVEL = 0;
				GCC_PREPROCESSOR_DEFINITIONS = (
					"DEBUG=1",
					"$(inherited)",
				);
				GCC_WARN_64_TO_32_BIT_CONVERSION = YES;
				GCC_WARN_ABOUT_RETURN_TYPE = YES_ERROR;
				GCC_WARN_UNDECLARED_SELECTOR = YES;
				GCC_WARN_UNINITIALIZED_AUTOS = YES_AGGRESSIVE;
				GCC_WARN_UNUSED_FUNCTION = YES;
				GCC_WARN_UNUSED_VARIABLE = YES;
				IPHONEOS_DEPLOYMENT_TARGET = 16.1;
				MTL_ENABLE_DEBUG_INFO = INCLUDE_SOURCE;
				MTL_FAST_MATH = YES;
				ONLY_ACTIVE_ARCH = YES;
				SDKROOT = iphoneos;
				SWIFT_ACTIVE_COMPILATION_CONDITIONS = DEBUG;
				SWIFT_OPTIMIZATION_LEVEL = "-Onone";
			};
			name = Debug;
		};
		58DA0B772941DA2D000F3D06 /* Release */ = {
			isa = XCBuildConfiguration;
			buildSettings = {
				ALWAYS_SEARCH_USER_PATHS = NO;
				CLANG_ANALYZER_NONNULL = YES;
				CLANG_ANALYZER_NUMBER_OBJECT_CONVERSION = YES_AGGRESSIVE;
				CLANG_CXX_LANGUAGE_STANDARD = "gnu++20";
				CLANG_ENABLE_MODULES = YES;
				CLANG_ENABLE_OBJC_ARC = YES;
				CLANG_ENABLE_OBJC_WEAK = YES;
				CLANG_WARN_BLOCK_CAPTURE_AUTORELEASING = YES;
				CLANG_WARN_BOOL_CONVERSION = YES;
				CLANG_WARN_COMMA = YES;
				CLANG_WARN_CONSTANT_CONVERSION = YES;
				CLANG_WARN_DEPRECATED_OBJC_IMPLEMENTATIONS = YES;
				CLANG_WARN_DIRECT_OBJC_ISA_USAGE = YES_ERROR;
				CLANG_WARN_DOCUMENTATION_COMMENTS = YES;
				CLANG_WARN_EMPTY_BODY = YES;
				CLANG_WARN_ENUM_CONVERSION = YES;
				CLANG_WARN_INFINITE_RECURSION = YES;
				CLANG_WARN_INT_CONVERSION = YES;
				CLANG_WARN_NON_LITERAL_NULL_CONVERSION = YES;
				CLANG_WARN_OBJC_IMPLICIT_RETAIN_SELF = YES;
				CLANG_WARN_OBJC_LITERAL_CONVERSION = YES;
				CLANG_WARN_OBJC_ROOT_CLASS = YES_ERROR;
				CLANG_WARN_QUOTED_INCLUDE_IN_FRAMEWORK_HEADER = YES;
				CLANG_WARN_RANGE_LOOP_ANALYSIS = YES;
				CLANG_WARN_STRICT_PROTOTYPES = YES;
				CLANG_WARN_SUSPICIOUS_MOVE = YES;
				CLANG_WARN_UNGUARDED_AVAILABILITY = YES_AGGRESSIVE;
				CLANG_WARN_UNREACHABLE_CODE = YES;
				CLANG_WARN__DUPLICATE_METHOD_MATCH = YES;
				COPY_PHASE_STRIP = NO;
				DEBUG_INFORMATION_FORMAT = "dwarf-with-dsym";
				ENABLE_NS_ASSERTIONS = NO;
				ENABLE_STRICT_OBJC_MSGSEND = YES;
				GCC_C_LANGUAGE_STANDARD = gnu11;
				GCC_NO_COMMON_BLOCKS = YES;
				GCC_WARN_64_TO_32_BIT_CONVERSION = YES;
				GCC_WARN_ABOUT_RETURN_TYPE = YES_ERROR;
				GCC_WARN_UNDECLARED_SELECTOR = YES;
				GCC_WARN_UNINITIALIZED_AUTOS = YES_AGGRESSIVE;
				GCC_WARN_UNUSED_FUNCTION = YES;
				GCC_WARN_UNUSED_VARIABLE = YES;
				IPHONEOS_DEPLOYMENT_TARGET = 16.1;
				MTL_ENABLE_DEBUG_INFO = NO;
				MTL_FAST_MATH = YES;
				SDKROOT = iphoneos;
				SWIFT_COMPILATION_MODE = wholemodule;
				SWIFT_OPTIMIZATION_LEVEL = "-O";
				VALIDATE_PRODUCT = YES;
			};
			name = Release;
		};
		58DA0B792941DA2D000F3D06 /* Debug */ = {
			isa = XCBuildConfiguration;
			buildSettings = {
				ASSETCATALOG_COMPILER_APPICON_NAME = AppIcon;
				ASSETCATALOG_COMPILER_GLOBAL_ACCENT_COLOR_NAME = AccentColor;
				CODE_SIGN_STYLE = Automatic;
				CURRENT_PROJECT_VERSION = 1;
				DEVELOPMENT_TEAM = 7KJTVFSV88;
				GENERATE_INFOPLIST_FILE = YES;
				INFOPLIST_FILE = Example/Info.plist;
				INFOPLIST_KEY_UIApplicationSupportsIndirectInputEvents = YES;
				INFOPLIST_KEY_UILaunchStoryboardName = LaunchScreen;
				INFOPLIST_KEY_UIMainStoryboardFile = Main;
				INFOPLIST_KEY_UISupportedInterfaceOrientations_iPad = "UIInterfaceOrientationPortrait UIInterfaceOrientationPortraitUpsideDown UIInterfaceOrientationLandscapeLeft UIInterfaceOrientationLandscapeRight";
				INFOPLIST_KEY_UISupportedInterfaceOrientations_iPhone = "UIInterfaceOrientationPortrait UIInterfaceOrientationLandscapeLeft UIInterfaceOrientationLandscapeRight";
				LD_RUNPATH_SEARCH_PATHS = (
					"$(inherited)",
					"@executable_path/Frameworks",
				);
				MARKETING_VERSION = 1.0;
				PRODUCT_BUNDLE_IDENTIFIER = hu.example.color.changing.label.Example.Example;
				PRODUCT_NAME = "$(TARGET_NAME)";
				SWIFT_EMIT_LOC_STRINGS = YES;
				SWIFT_VERSION = 5.0;
				TARGETED_DEVICE_FAMILY = "1,2";
			};
			name = Debug;
		};
		58DA0B7A2941DA2D000F3D06 /* Release */ = {
			isa = XCBuildConfiguration;
			buildSettings = {
				ASSETCATALOG_COMPILER_APPICON_NAME = AppIcon;
				ASSETCATALOG_COMPILER_GLOBAL_ACCENT_COLOR_NAME = AccentColor;
				CODE_SIGN_STYLE = Automatic;
				CURRENT_PROJECT_VERSION = 1;
				DEVELOPMENT_TEAM = 7KJTVFSV88;
				GENERATE_INFOPLIST_FILE = YES;
				INFOPLIST_FILE = Example/Info.plist;
				INFOPLIST_KEY_UIApplicationSupportsIndirectInputEvents = YES;
				INFOPLIST_KEY_UILaunchStoryboardName = LaunchScreen;
				INFOPLIST_KEY_UIMainStoryboardFile = Main;
				INFOPLIST_KEY_UISupportedInterfaceOrientations_iPad = "UIInterfaceOrientationPortrait UIInterfaceOrientationPortraitUpsideDown UIInterfaceOrientationLandscapeLeft UIInterfaceOrientationLandscapeRight";
				INFOPLIST_KEY_UISupportedInterfaceOrientations_iPhone = "UIInterfaceOrientationPortrait UIInterfaceOrientationLandscapeLeft UIInterfaceOrientationLandscapeRight";
				LD_RUNPATH_SEARCH_PATHS = (
					"$(inherited)",
					"@executable_path/Frameworks",
				);
				MARKETING_VERSION = 1.0;
				PRODUCT_BUNDLE_IDENTIFIER = hu.example.color.changing.label.Example.Example;
				PRODUCT_NAME = "$(TARGET_NAME)";
				SWIFT_EMIT_LOC_STRINGS = YES;
				SWIFT_VERSION = 5.0;
				TARGETED_DEVICE_FAMILY = "1,2";
			};
			name = Release;
		};
		58DA0B7C2941DA2D000F3D06 /* Debug */ = {
			isa = XCBuildConfiguration;
			buildSettings = {
				ALWAYS_EMBED_SWIFT_STANDARD_LIBRARIES = YES;
				BUNDLE_LOADER = "$(TEST_HOST)";
				CODE_SIGN_STYLE = Automatic;
				CURRENT_PROJECT_VERSION = 1;
				DEVELOPMENT_TEAM = 7KJTVFSV88;
				GENERATE_INFOPLIST_FILE = YES;
				IPHONEOS_DEPLOYMENT_TARGET = 16.1;
				MARKETING_VERSION = 1.0;
				PRODUCT_BUNDLE_IDENTIFIER = hu.example.color.changing.label.Example.ExampleTests;
				PRODUCT_NAME = "$(TARGET_NAME)";
				SWIFT_EMIT_LOC_STRINGS = NO;
				SWIFT_VERSION = 5.0;
				TARGETED_DEVICE_FAMILY = "1,2";
				TEST_HOST = "$(BUILT_PRODUCTS_DIR)/Example.app/$(BUNDLE_EXECUTABLE_FOLDER_PATH)/Example";
			};
			name = Debug;
		};
		58DA0B7D2941DA2D000F3D06 /* Release */ = {
			isa = XCBuildConfiguration;
			buildSettings = {
				ALWAYS_EMBED_SWIFT_STANDARD_LIBRARIES = YES;
				BUNDLE_LOADER = "$(TEST_HOST)";
				CODE_SIGN_STYLE = Automatic;
				CURRENT_PROJECT_VERSION = 1;
				DEVELOPMENT_TEAM = 7KJTVFSV88;
				GENERATE_INFOPLIST_FILE = YES;
				IPHONEOS_DEPLOYMENT_TARGET = 16.1;
				MARKETING_VERSION = 1.0;
				PRODUCT_BUNDLE_IDENTIFIER = hu.example.color.changing.label.Example.ExampleTests;
				PRODUCT_NAME = "$(TARGET_NAME)";
				SWIFT_EMIT_LOC_STRINGS = NO;
				SWIFT_VERSION = 5.0;
				TARGETED_DEVICE_FAMILY = "1,2";
				TEST_HOST = "$(BUILT_PRODUCTS_DIR)/Example.app/$(BUNDLE_EXECUTABLE_FOLDER_PATH)/Example";
			};
			name = Release;
		};
		58DA0B7F2941DA2D000F3D06 /* Debug */ = {
			isa = XCBuildConfiguration;
			buildSettings = {
				ALWAYS_EMBED_SWIFT_STANDARD_LIBRARIES = YES;
				CODE_SIGN_STYLE = Automatic;
				CURRENT_PROJECT_VERSION = 1;
				DEVELOPMENT_TEAM = 7KJTVFSV88;
				GENERATE_INFOPLIST_FILE = YES;
				MARKETING_VERSION = 1.0;
				PRODUCT_BUNDLE_IDENTIFIER = hu.example.color.changing.label.Example.ExampleUITests;
				PRODUCT_NAME = "$(TARGET_NAME)";
				SWIFT_EMIT_LOC_STRINGS = NO;
				SWIFT_VERSION = 5.0;
				TARGETED_DEVICE_FAMILY = "1,2";
				TEST_TARGET_NAME = Example;
			};
			name = Debug;
		};
		58DA0B802941DA2D000F3D06 /* Release */ = {
			isa = XCBuildConfiguration;
			buildSettings = {
				ALWAYS_EMBED_SWIFT_STANDARD_LIBRARIES = YES;
				CODE_SIGN_STYLE = Automatic;
				CURRENT_PROJECT_VERSION = 1;
				DEVELOPMENT_TEAM = 7KJTVFSV88;
				GENERATE_INFOPLIST_FILE = YES;
				MARKETING_VERSION = 1.0;
				PRODUCT_BUNDLE_IDENTIFIER = hu.example.color.changing.label.Example.ExampleUITests;
				PRODUCT_NAME = "$(TARGET_NAME)";
				SWIFT_EMIT_LOC_STRINGS = NO;
				SWIFT_VERSION = 5.0;
				TARGETED_DEVICE_FAMILY = "1,2";
				TEST_TARGET_NAME = Example;
			};
			name = Release;
		};
/* End XCBuildConfiguration section */

/* Begin XCConfigurationList section */
		58DA0B492941DA2C000F3D06 /* Build configuration list for PBXProject "Example" */ = {
			isa = XCConfigurationList;
			buildConfigurations = (
				58DA0B762941DA2D000F3D06 /* Debug */,
				58DA0B772941DA2D000F3D06 /* Release */,
			);
			defaultConfigurationIsVisible = 0;
			defaultConfigurationName = Release;
		};
		58DA0B782941DA2D000F3D06 /* Build configuration list for PBXNativeTarget "Example" */ = {
			isa = XCConfigurationList;
			buildConfigurations = (
				58DA0B792941DA2D000F3D06 /* Debug */,
				58DA0B7A2941DA2D000F3D06 /* Release */,
			);
			defaultConfigurationIsVisible = 0;
			defaultConfigurationName = Release;
		};
		58DA0B7B2941DA2D000F3D06 /* Build configuration list for PBXNativeTarget "ExampleTests" */ = {
			isa = XCConfigurationList;
			buildConfigurations = (
				58DA0B7C2941DA2D000F3D06 /* Debug */,
				58DA0B7D2941DA2D000F3D06 /* Release */,
			);
			defaultConfigurationIsVisible = 0;
			defaultConfigurationName = Release;
		};
		58DA0B7E2941DA2D000F3D06 /* Build configuration list for PBXNativeTarget "ExampleUITests" */ = {
			isa = XCConfigurationList;
			buildConfigurations = (
				58DA0B7F2941DA2D000F3D06 /* Debug */,
				58DA0B802941DA2D000F3D06 /* Release */,
			);
			defaultConfigurationIsVisible = 0;
			defaultConfigurationName = Release;
		};
/* End XCConfigurationList section */

/* Begin XCRemoteSwiftPackageReference section */
		58DA0B812941DA5B000F3D06 /* XCRemoteSwiftPackageReference "ColorChangingLabel" */ = {
			isa = XCRemoteSwiftPackageReference;
			repositoryURL = "https://github.com/stateman92/ColorChangingLabel";
			requirement = {
				kind = exactVersion;
				version = 0.0.3;
			};
		};
/* End XCRemoteSwiftPackageReference section */

/* Begin XCSwiftPackageProductDependency section */
		58DA0B822941DA5B000F3D06 /* ColorChangingLabel */ = {
			isa = XCSwiftPackageProductDependency;
			package = 58DA0B812941DA5B000F3D06 /* XCRemoteSwiftPackageReference "ColorChangingLabel" */;
			productName = ColorChangingLabel;
		};
/* End XCSwiftPackageProductDependency section */
	};
	rootObject = 58DA0B462941DA2C000F3D06 /* Project object */;
}
