{
  "pins" : [
    {
      "identity" : "colorchanginglabel",
      "kind" : "remoteSourceControl",
      "location" : "https://github.com/stateman92/ColorChangingLabel",
      "state" : {
        "revision" : "045a27e6fb5877d5dee4c66faea8163f9ca3d039",
        "version" : "0.0.6"
      }
    },
    {
      "identity" : "layeranimation",
      "kind" : "remoteSourceControl",
      "location" : "https://github.com/stateman92/LayerAnimation.git",
      "state" : {
        "revision" : "4942f74dce320d851aaa0f6d6ad4c8aa517ca30f",
        "version" : "0.0.1"
      }
    }
  ],
  "version" : 2
}
