{
  "pins" : [
    {
      "identity" : "colorchanginglabel",
      "kind" : "remoteSourceControl",
      "location" : "https://github.com/stateman92/ColorChangingLabel",
      "state" : {
        "revision" : "fbaa29337d0b889a7420323e126a32940a099045",
        "version" : "0.0.5"
      }
    }
  ],
  "version" : 2
}
