{
  "pins" : [
    {
      "identity" : "colorchanginglabel",
      "kind" : "remoteSourceControl",
      "location" : "https://github.com/stateman92/ColorChangingLabel",
      "state" : {
        "revision" : "cc3a0daf8e834d0c59bbdead90a67f73297bc3b3",
        "version" : "0.0.4"
      }
    }
  ],
  "version" : 2
}
